{
  "version": 4,
  "terraform_version": "1.3.6",
  "serial": 19,
  "lineage": "43424cd3-fe7b-f081-f218-09fe60d44379",
  "outputs": {
    "service_account": {
      "value": "github-actions@sawyer-work-1804.iam.gserviceaccount.com",
      "type": "string"
    }
  },
  "resources": [
    {
      "mode": "managed",
      "type": "google_iam_workload_identity_pool_provider",
      "name": "github",
      "provider": "provider[\"registry.terraform.io/hashicorp/google\"]",
      "instances": []
    },
    {
      "mode": "managed",
      "type": "google_service_account",
      "name": "github_actions",
      "provider": "provider[\"registry.terraform.io/hashicorp/google\"]",
      "instances": [
        {
          "schema_version": 0,
          "attributes": {
            "account_id": "github-actions",
            "description": "",
            "disabled": false,
            "display_name": "Service Account used for GitHub Actions",
            "email": "github-actions@sawyer-work-1804.iam.gserviceaccount.com",
            "id": "projects/sawyer-work-1804/serviceAccounts/github-actions@sawyer-work-1804.iam.gserviceaccount.com",
            "member": "serviceAccount:github-actions@sawyer-work-1804.iam.gserviceaccount.com",
            "name": "projects/sawyer-work-1804/serviceAccounts/github-actions@sawyer-work-1804.iam.gserviceaccount.com",
            "project": "sawyer-work-1804",
            "timeouts": null,
            "unique_id": "103048493117143204481"
          },
          "sensitive_attributes": [],
          "private": "eyJlMmJmYjczMC1lY2FhLTExZTYtOGY4OC0zNDM2M2JjN2M0YzAiOnsiY3JlYXRlIjozMDAwMDAwMDAwMDB9fQ=="
        }
      ]
    },
    {
      "mode": "managed",
      "type": "google_service_account_iam_member",
      "name": "workload_identity_user",
      "provider": "provider[\"registry.terraform.io/hashicorp/google\"]",
      "instances": []
    }
  ],
  "check_results": null
}
