{
  "version": 4,
  "terraform_version": "1.3.6",
  "serial": 11,
  "lineage": "d43dde2d-9d95-1dfb-f45d-b1d6418f80b1",
  "outputs": {
    "service_account": {
      "value": "github-actions@sawyer-work-1804.iam.gserviceaccount.com",
      "type": "string"
    },
    "workload_identity_provider": {
      "value": "projects/737712162241/locations/global/workloadIdentityPools/github-pool-tf1/providers/github-provider",
      "type": "string"
    }
  },
  "resources": [
    {
      "mode": "managed",
      "type": "google_iam_workload_identity_pool",
      "name": "github_pool",
      "provider": "provider[\"registry.terraform.io/hashicorp/google\"]",
      "instances": [
        {
          "schema_version": 0,
          "attributes": {
            "description": "Identity pool for GitHub deployments",
            "disabled": false,
            "display_name": "GitHub pool",
            "id": "projects/sawyer-work-1804/locations/global/workloadIdentityPools/github-pool-tf1",
            "name": "projects/737712162241/locations/global/workloadIdentityPools/github-pool-tf1",
            "project": "sawyer-work-1804",
            "state": "ACTIVE",
            "timeouts": null,
            "workload_identity_pool_id": "github-pool-tf1"
          },
          "sensitive_attributes": [],
          "private": "eyJlMmJmYjczMC1lY2FhLTExZTYtOGY4OC0zNDM2M2JjN2M0YzAiOnsiY3JlYXRlIjoxMjAwMDAwMDAwMDAwLCJkZWxldGUiOjEyMDAwMDAwMDAwMDAsInVwZGF0ZSI6MTIwMDAwMDAwMDAwMH19"
        }
      ]
    },
    {
      "mode": "managed",
      "type": "google_iam_workload_identity_pool_provider",
      "name": "github",
      "provider": "provider[\"registry.terraform.io/hashicorp/google\"]",
      "instances": [
        {
          "schema_version": 0,
          "attributes": {
            "attribute_condition": "",
            "attribute_mapping": {
              "attribute.actor": "assertion.actor",
              "attribute.aud": "assertion.aud",
              "attribute.repository": "assertion.repository",
              "google.subject": "assertion.sub"
            },
            "aws": [],
            "description": "",
            "disabled": false,
            "display_name": "",
            "id": "projects/sawyer-work-1804/locations/global/workloadIdentityPools/github-pool-tf1/providers/github-provider",
            "name": "projects/737712162241/locations/global/workloadIdentityPools/github-pool-tf1/providers/github-provider",
            "oidc": [
              {
                "allowed_audiences": null,
                "issuer_uri": "https://token.actions.githubusercontent.com"
              }
            ],
            "project": "sawyer-work-1804",
            "state": "ACTIVE",
            "timeouts": null,
            "workload_identity_pool_id": "github-pool-tf1",
            "workload_identity_pool_provider_id": "github-provider"
          },
          "sensitive_attributes": [],
          "private": "eyJlMmJmYjczMC1lY2FhLTExZTYtOGY4OC0zNDM2M2JjN2M0YzAiOnsiY3JlYXRlIjoxMjAwMDAwMDAwMDAwLCJkZWxldGUiOjEyMDAwMDAwMDAwMDAsInVwZGF0ZSI6MTIwMDAwMDAwMDAwMH19",
          "dependencies": [
            "google_iam_workload_identity_pool.github_pool"
          ]
        }
      ]
    },
    {
      "mode": "managed",
      "type": "google_service_account",
      "name": "github_actions",
      "provider": "provider[\"registry.terraform.io/hashicorp/google\"]",
      "instances": [
        {
          "schema_version": 0,
          "attributes": {
            "account_id": "github-actions",
            "description": "",
            "disabled": false,
            "display_name": "Service Account used for GitHub Actions",
            "email": "github-actions@sawyer-work-1804.iam.gserviceaccount.com",
            "id": "projects/sawyer-work-1804/serviceAccounts/github-actions@sawyer-work-1804.iam.gserviceaccount.com",
            "member": "serviceAccount:github-actions@sawyer-work-1804.iam.gserviceaccount.com",
            "name": "projects/sawyer-work-1804/serviceAccounts/github-actions@sawyer-work-1804.iam.gserviceaccount.com",
            "project": "sawyer-work-1804",
            "timeouts": null,
            "unique_id": "100114068050343523938"
          },
          "sensitive_attributes": [],
          "private": "eyJlMmJmYjczMC1lY2FhLTExZTYtOGY4OC0zNDM2M2JjN2M0YzAiOnsiY3JlYXRlIjozMDAwMDAwMDAwMDB9fQ=="
        }
      ]
    },
    {
      "mode": "managed",
      "type": "google_service_account_iam_member",
      "name": "workload_identity_user",
      "provider": "provider[\"registry.terraform.io/hashicorp/google\"]",
      "instances": [
        {
          "schema_version": 0,
          "attributes": {
            "condition": [],
            "etag": "BwXz3A0NECU=",
            "id": "projects/sawyer-work-1804/serviceAccounts/github-actions@sawyer-work-1804.iam.gserviceaccount.com/roles/iam.workloadIdentityUser/principalSet://iam.googleapis.com/projects/737712162241/locations/global/workloadIdentityPools/github-pool-tf1/attribute.repository/hung2xt/workload-identity-federation",
            "member": "principalSet://iam.googleapis.com/projects/737712162241/locations/global/workloadIdentityPools/github-pool-tf1/attribute.repository/hung2xt/workload-identity-federation",
            "role": "roles/iam.workloadIdentityUser",
            "service_account_id": "projects/sawyer-work-1804/serviceAccounts/github-actions@sawyer-work-1804.iam.gserviceaccount.com"
          },
          "sensitive_attributes": [],
          "private": "bnVsbA==",
          "dependencies": [
            "google_iam_workload_identity_pool.github_pool",
            "google_service_account.github_actions"
          ]
        }
      ]
    }
  ],
  "check_results": null
}
